
Microsoft Visual Studio Solution File, Format Version 12.00
# Visual Studio Version 17
VisualStudioVersion = 17.0.31717.71
MinimumVisualStudioVersion = 10.0.40219.1
Project("{9A19103F-16F7-4668-BE54-9A1E7A4F7556}") = "fontawesome-wpf", "fontawesome-wpf\fontawesome-wpf.csproj", "{33CE2465-7C67-4349-ABA7-EF8BA35E8641}"
EndProject
Project("{9A19103F-16F7-4668-BE54-9A1E7A4F7556}") = "demo-testing-net5.0", "demo-testing-net5.0\demo-testing-net5.0.csproj", "{C1EFCCCC-BCE2-4ADE-84FC-CD96CB229D11}"
EndProject
Project("{9A19103F-16F7-4668-BE54-9A1E7A4F7556}") = "demo-testing-net6.0", "demo-testing-net6.0\demo-testing-net6.0.csproj", "{F3AF0CC5-6563-49D0-86D3-BED1EF74AF57}"
EndProject
Project("{9A19103F-16F7-4668-BE54-9A1E7A4F7556}") = "demo-testing-net47", "demo-testing-net47\demo-testing-net47.csproj", "{5BF641C7-B1DD-47BD-BCDE-329AC0EA2067}"
EndProject
Project("{FAE04EC0-301F-11D3-BF4B-00C04F79EFBC}") = "demo-testing-net7.0", "demo-testing-net7.0\demo-testing-net7.0.csproj", "{7A3B394A-4877-47C5-AB0C-E398F14DCE33}"
EndProject
Project("{FAE04EC0-301F-11D3-BF4B-00C04F79EFBC}") = "demo-testing-net8.0", "demo-testing-net8.0\demo-testing-net8.0.csproj", "{153DB812-5FE0-4651-BCE8-8CEFC55F07CD}"
EndProject
Project("{FAE04EC0-301F-11D3-BF4B-00C04F79EFBC}") = "demo-testing-net9.0", "demo-testing-net9.0\demo-testing-net9.0.csproj", "{BB1CB455-F538-47E4-8377-54324BACFC34}"
EndProject
Project("{FAE04EC0-301F-11D3-BF4B-00C04F79EFBC}") = "icons-extractor", "icons-extractor\icons-extractor.csproj", "{B7C5DACC-31C6-4EC4-A0AD-98EE418953A3}"
EndProject
Global
	GlobalSection(SolutionConfigurationPlatforms) = preSolution
		Debug|Any CPU = Debug|Any CPU
		Release|Any CPU = Release|Any CPU
	EndGlobalSection
	GlobalSection(ProjectConfigurationPlatforms) = postSolution
		{33CE2465-7C67-4349-ABA7-EF8BA35E8641}.Debug|Any CPU.ActiveCfg = Debug|Any CPU
		{33CE2465-7C67-4349-ABA7-EF8BA35E8641}.Debug|Any CPU.Build.0 = Debug|Any CPU
		{33CE2465-7C67-4349-ABA7-EF8BA35E8641}.Release|Any CPU.ActiveCfg = Release|Any CPU
		{33CE2465-7C67-4349-ABA7-EF8BA35E8641}.Release|Any CPU.Build.0 = Release|Any CPU
		{C1EFCCCC-BCE2-4ADE-84FC-CD96CB229D11}.Debug|Any CPU.ActiveCfg = Debug|Any CPU
		{C1EFCCCC-BCE2-4ADE-84FC-CD96CB229D11}.Debug|Any CPU.Build.0 = Debug|Any CPU
		{C1EFCCCC-BCE2-4ADE-84FC-CD96CB229D11}.Release|Any CPU.ActiveCfg = Release|Any CPU
		{C1EFCCCC-BCE2-4ADE-84FC-CD96CB229D11}.Release|Any CPU.Build.0 = Release|Any CPU
		{F3AF0CC5-6563-49D0-86D3-BED1EF74AF57}.Debug|Any CPU.ActiveCfg = Debug|Any CPU
		{F3AF0CC5-6563-49D0-86D3-BED1EF74AF57}.Debug|Any CPU.Build.0 = Debug|Any CPU
		{F3AF0CC5-6563-49D0-86D3-BED1EF74AF57}.Release|Any CPU.ActiveCfg = Release|Any CPU
		{F3AF0CC5-6563-49D0-86D3-BED1EF74AF57}.Release|Any CPU.Build.0 = Release|Any CPU
		{5BF641C7-B1DD-47BD-BCDE-329AC0EA2067}.Debug|Any CPU.ActiveCfg = Debug|Any CPU
		{5BF641C7-B1DD-47BD-BCDE-329AC0EA2067}.Debug|Any CPU.Build.0 = Debug|Any CPU
		{5BF641C7-B1DD-47BD-BCDE-329AC0EA2067}.Release|Any CPU.ActiveCfg = Release|Any CPU
		{5BF641C7-B1DD-47BD-BCDE-329AC0EA2067}.Release|Any CPU.Build.0 = Release|Any CPU
		{7A3B394A-4877-47C5-AB0C-E398F14DCE33}.Debug|Any CPU.ActiveCfg = Debug|Any CPU
		{7A3B394A-4877-47C5-AB0C-E398F14DCE33}.Debug|Any CPU.Build.0 = Debug|Any CPU
		{7A3B394A-4877-47C5-AB0C-E398F14DCE33}.Release|Any CPU.ActiveCfg = Release|Any CPU
		{7A3B394A-4877-47C5-AB0C-E398F14DCE33}.Release|Any CPU.Build.0 = Release|Any CPU
		{153DB812-5FE0-4651-BCE8-8CEFC55F07CD}.Debug|Any CPU.ActiveCfg = Debug|Any CPU
		{153DB812-5FE0-4651-BCE8-8CEFC55F07CD}.Debug|Any CPU.Build.0 = Debug|Any CPU
		{153DB812-5FE0-4651-BCE8-8CEFC55F07CD}.Release|Any CPU.ActiveCfg = Release|Any CPU
		{153DB812-5FE0-4651-BCE8-8CEFC55F07CD}.Release|Any CPU.Build.0 = Release|Any CPU
		{BB1CB455-F538-47E4-8377-54324BACFC34}.Debug|Any CPU.ActiveCfg = Debug|Any CPU
		{BB1CB455-F538-47E4-8377-54324BACFC34}.Debug|Any CPU.Build.0 = Debug|Any CPU
		{BB1CB455-F538-47E4-8377-54324BACFC34}.Release|Any CPU.ActiveCfg = Release|Any CPU
		{BB1CB455-F538-47E4-8377-54324BACFC34}.Release|Any CPU.Build.0 = Release|Any CPU
		{B7C5DACC-31C6-4EC4-A0AD-98EE418953A3}.Debug|Any CPU.ActiveCfg = Debug|Any CPU
		{B7C5DACC-31C6-4EC4-A0AD-98EE418953A3}.Debug|Any CPU.Build.0 = Debug|Any CPU
		{B7C5DACC-31C6-4EC4-A0AD-98EE418953A3}.Release|Any CPU.ActiveCfg = Release|Any CPU
		{B7C5DACC-31C6-4EC4-A0AD-98EE418953A3}.Release|Any CPU.Build.0 = Release|Any CPU
	EndGlobalSection
	GlobalSection(SolutionProperties) = preSolution
		HideSolutionNode = FALSE
	EndGlobalSection
	GlobalSection(ExtensibilityGlobals) = postSolution
		SolutionGuid = {4EEAD1E5-158E-4145-9BC2-E431FEB47031}
	EndGlobalSection
EndGlobal
